
Microsoft Visual Studio Solution File, Format Version 12.00
# Visual Studio Version 17
VisualStudioVersion = 17.11.35219.272
MinimumVisualStudioVersion = 10.0.40219.1
Project("{FAE04EC0-301F-11D3-BF4B-00C04F79EFBC}") = "MyApp", "MyApp\MyApp.csproj", "{A3D8661A-D711-4584-976B-58D616B2EC05}"
EndProject
Global
	GlobalSection(SolutionConfigurationPlatforms) = preSolution
		Debug|Any CPU = Debug|Any CPU
		Release|Any CPU = Release|Any CPU
	EndGlobalSection
	GlobalSection(ProjectConfigurationPlatforms) = postSolution
		{A3D8661A-D711-4584-976B-58D616B2EC05}.Debug|Any CPU.ActiveCfg = Debug|Any CPU
		{A3D8661A-D711-4584-976B-58D616B2EC05}.Debug|Any CPU.Build.0 = Debug|Any CPU
		{A3D8661A-D711-4584-976B-58D616B2EC05}.Release|Any CPU.ActiveCfg = Release|Any CPU
		{A3D8661A-D711-4584-976B-58D616B2EC05}.Release|Any CPU.Build.0 = Release|Any CPU
	EndGlobalSection
	GlobalSection(SolutionProperties) = preSolution
		HideSolutionNode = FALSE
	EndGlobalSection
	GlobalSection(ExtensibilityGlobals) = postSolution
		SolutionGuid = {CBDB93D7-F2A8-4BB1-9708-25D945CAFB80}
	EndGlobalSection
EndGlobal
